
Microsoft Visual Studio Solution File, Format Version 12.00
# Visual Studio 2013
VisualStudioVersion = 12.0.31101.0
MinimumVisualStudioVersion = 10.0.40219.1
Project("{FAE04EC0-301F-11D3-BF4B-00C04F79EFBC}") = "PolishCalculator", "PolishCalculator\PolishCalculator.csproj", "{7B676B22-D2B3-4E12-913D-64DD092FAF17}"
EndProject
Project("{FAE04EC0-301F-11D3-BF4B-00C04F79EFBC}") = "PolishCalculator.Tests", "PolishCalculator.Tests\PolishCalculator.Tests.csproj", "{499F5C74-77CC-45C0-B9A0-CFED1596DBB1}"
EndProject
Project("{FAE04EC0-301F-11D3-BF4B-00C04F79EFBC}") = "Lecture01", "Lecture01\Lecture01.csproj", "{726B7BB3-EF1E-448A-96CC-DA6F9BD6581D}"
EndProject
Project("{FAE04EC0-301F-11D3-BF4B-00C04F79EFBC}") = "Lecture02", "Lecture02\Lecture02.csproj", "{DA6E25FA-F9E8-45CC-A894-8326F929DC31}"
EndProject
Project("{FAE04EC0-301F-11D3-BF4B-00C04F79EFBC}") = "Lecture03", "Lecture03\Lecture03.csproj", "{E9F5F094-938C-4176-8A14-3B33144595E7}"
EndProject
Project("{FAE04EC0-301F-11D3-BF4B-00C04F79EFBC}") = "Lecture04", "Lecture04\Lecture04.csproj", "{1E87C6F7-4343-4EE4-A9BB-388F80C260DB}"
EndProject
Project("{FAE04EC0-301F-11D3-BF4B-00C04F79EFBC}") = "WindowsFormsApplication1", "WindowsFormsApplication1\WindowsFormsApplication1.csproj", "{324C5C88-D521-4EA0-AD5B-9B04EC28E726}"
EndProject
Project("{FAE04EC0-301F-11D3-BF4B-00C04F79EFBC}") = "Lecture05", "Lecture05\Lecture05.csproj", "{6C3E3BEA-A09F-4D89-A92C-4BDB0A8D7136}"
EndProject
Project("{FAE04EC0-301F-11D3-BF4B-00C04F79EFBC}") = "Lecture06", "Lecture06\Lecture06.csproj", "{6168BD6E-5A20-4A26-A334-02565D03686E}"
EndProject
Project("{FAE04EC0-301F-11D3-BF4B-00C04F79EFBC}") = "Lecture06.Tests", "Lecture06.Tests\Lecture06.Tests.csproj", "{077DBC6D-A89F-4207-A05C-6EC068F1CA45}"
EndProject
Project("{FAE04EC0-301F-11D3-BF4B-00C04F79EFBC}") = "Lecture07", "Lecture07\Lecture07.csproj", "{691BC848-5513-4B19-AD16-FCE68F7B70FE}"
EndProject
Project("{FAE04EC0-301F-11D3-BF4B-00C04F79EFBC}") = "Lecture07.Async", "Lecture07.Async\Lecture07.Async.csproj", "{BC94B9E3-B452-4BF8-8772-370FE3C30F48}"
EndProject
Project("{FAE04EC0-301F-11D3-BF4B-00C04F79EFBC}") = "WindowsFormsApplication2", "WindowsFormsApplication2\WindowsFormsApplication2.csproj", "{582F4F06-FF1D-48CB-8007-92F5631CCC94}"
EndProject
Project("{FAE04EC0-301F-11D3-BF4B-00C04F79EFBC}") = "WpfApplication1", "WpfApplication1\WpfApplication1.csproj", "{389B95EE-5072-469F-B20E-E29649823050}"
EndProject
Project("{FAE04EC0-301F-11D3-BF4B-00C04F79EFBC}") = "Lecture09.Entities", "Lecture09.Entities\Lecture09.Entities.csproj", "{5DEA319C-8C81-47D9-B8F0-8B5EEBD43371}"
EndProject
Project("{FAE04EC0-301F-11D3-BF4B-00C04F79EFBC}") = "Lecture09.WebForms", "Lecture09.WebForms\Lecture09.WebForms.csproj", "{C0F39E47-D52D-4A3A-A6DC-AA25FD39B268}"
EndProject
Project("{FAE04EC0-301F-11D3-BF4B-00C04F79EFBC}") = "Lecture09.MVC", "Lecture09.MVC\Lecture09.MVC.csproj", "{EA4FFFA5-A07C-4777-B575-793E178F60EC}"
EndProject
Project("{FAE04EC0-301F-11D3-BF4B-00C04F79EFBC}") = "Lecture09.MVC.Tests", "Lecture09.MVC.Tests\Lecture09.MVC.Tests.csproj", "{42606DC6-E0DF-4CED-B347-07971F0C25ED}"
EndProject
Project("{FAE04EC0-301F-11D3-BF4B-00C04F79EFBC}") = "Project.Entities", "Project.Entities\Project.Entities.csproj", "{53D27F66-49C4-4C6F-B702-333DBD06EC73}"
EndProject
Project("{FAE04EC0-301F-11D3-BF4B-00C04F79EFBC}") = "Lecture11.CarQuery", "Lecture11.CarQuery\Lecture11.CarQuery.csproj", "{F377B6E6-8E81-49A6-B7B0-F083A8802188}"
EndProject
Global
	GlobalSection(SolutionConfigurationPlatforms) = preSolution
		Debug|Any CPU = Debug|Any CPU
		Debug|ARM = Debug|ARM
		Debug|Mixed Platforms = Debug|Mixed Platforms
		Debug|x64 = Debug|x64
		Debug|x86 = Debug|x86
		Release|Any CPU = Release|Any CPU
		Release|ARM = Release|ARM
		Release|Mixed Platforms = Release|Mixed Platforms
		Release|x64 = Release|x64
		Release|x86 = Release|x86
	EndGlobalSection
	GlobalSection(ProjectConfigurationPlatforms) = postSolution
		{7B676B22-D2B3-4E12-913D-64DD092FAF17}.Debug|Any CPU.ActiveCfg = Debug|Any CPU
		{7B676B22-D2B3-4E12-913D-64DD092FAF17}.Debug|Any CPU.Build.0 = Debug|Any CPU
		{7B676B22-D2B3-4E12-913D-64DD092FAF17}.Debug|ARM.ActiveCfg = Debug|Any CPU
		{7B676B22-D2B3-4E12-913D-64DD092FAF17}.Debug|Mixed Platforms.ActiveCfg = Debug|Any CPU
		{7B676B22-D2B3-4E12-913D-64DD092FAF17}.Debug|Mixed Platforms.Build.0 = Debug|Any CPU
		{7B676B22-D2B3-4E12-913D-64DD092FAF17}.Debug|x64.ActiveCfg = Debug|Any CPU
		{7B676B22-D2B3-4E12-913D-64DD092FAF17}.Debug|x86.ActiveCfg = Debug|Any CPU
		{7B676B22-D2B3-4E12-913D-64DD092FAF17}.Release|Any CPU.ActiveCfg = Release|Any CPU
		{7B676B22-D2B3-4E12-913D-64DD092FAF17}.Release|Any CPU.Build.0 = Release|Any CPU
		{7B676B22-D2B3-4E12-913D-64DD092FAF17}.Release|ARM.ActiveCfg = Release|Any CPU
		{7B676B22-D2B3-4E12-913D-64DD092FAF17}.Release|Mixed Platforms.ActiveCfg = Release|Any CPU
		{7B676B22-D2B3-4E12-913D-64DD092FAF17}.Release|Mixed Platforms.Build.0 = Release|Any CPU
		{7B676B22-D2B3-4E12-913D-64DD092FAF17}.Release|x64.ActiveCfg = Release|Any CPU
		{7B676B22-D2B3-4E12-913D-64DD092FAF17}.Release|x86.ActiveCfg = Release|Any CPU
		{499F5C74-77CC-45C0-B9A0-CFED1596DBB1}.Debug|Any CPU.ActiveCfg = Debug|Any CPU
		{499F5C74-77CC-45C0-B9A0-CFED1596DBB1}.Debug|Any CPU.Build.0 = Debug|Any CPU
		{499F5C74-77CC-45C0-B9A0-CFED1596DBB1}.Debug|ARM.ActiveCfg = Debug|Any CPU
		{499F5C74-77CC-45C0-B9A0-CFED1596DBB1}.Debug|Mixed Platforms.ActiveCfg = Debug|Any CPU
		{499F5C74-77CC-45C0-B9A0-CFED1596DBB1}.Debug|Mixed Platforms.Build.0 = Debug|Any CPU
		{499F5C74-77CC-45C0-B9A0-CFED1596DBB1}.Debug|x64.ActiveCfg = Debug|Any CPU
		{499F5C74-77CC-45C0-B9A0-CFED1596DBB1}.Debug|x86.ActiveCfg = Debug|Any CPU
		{499F5C74-77CC-45C0-B9A0-CFED1596DBB1}.Release|Any CPU.ActiveCfg = Release|Any CPU
		{499F5C74-77CC-45C0-B9A0-CFED1596DBB1}.Release|Any CPU.Build.0 = Release|Any CPU
		{499F5C74-77CC-45C0-B9A0-CFED1596DBB1}.Release|ARM.ActiveCfg = Release|Any CPU
		{499F5C74-77CC-45C0-B9A0-CFED1596DBB1}.Release|Mixed Platforms.ActiveCfg = Release|Any CPU
		{499F5C74-77CC-45C0-B9A0-CFED1596DBB1}.Release|Mixed Platforms.Build.0 = Release|Any CPU
		{499F5C74-77CC-45C0-B9A0-CFED1596DBB1}.Release|x64.ActiveCfg = Release|Any CPU
		{499F5C74-77CC-45C0-B9A0-CFED1596DBB1}.Release|x86.ActiveCfg = Release|Any CPU
		{726B7BB3-EF1E-448A-96CC-DA6F9BD6581D}.Debug|Any CPU.ActiveCfg = Debug|Any CPU
		{726B7BB3-EF1E-448A-96CC-DA6F9BD6581D}.Debug|Any CPU.Build.0 = Debug|Any CPU
		{726B7BB3-EF1E-448A-96CC-DA6F9BD6581D}.Debug|ARM.ActiveCfg = Debug|Any CPU
		{726B7BB3-EF1E-448A-96CC-DA6F9BD6581D}.Debug|Mixed Platforms.ActiveCfg = Debug|Any CPU
		{726B7BB3-EF1E-448A-96CC-DA6F9BD6581D}.Debug|Mixed Platforms.Build.0 = Debug|Any CPU
		{726B7BB3-EF1E-448A-96CC-DA6F9BD6581D}.Debug|x64.ActiveCfg = Debug|Any CPU
		{726B7BB3-EF1E-448A-96CC-DA6F9BD6581D}.Debug|x86.ActiveCfg = Debug|Any CPU
		{726B7BB3-EF1E-448A-96CC-DA6F9BD6581D}.Release|Any CPU.ActiveCfg = Release|Any CPU
		{726B7BB3-EF1E-448A-96CC-DA6F9BD6581D}.Release|Any CPU.Build.0 = Release|Any CPU
		{726B7BB3-EF1E-448A-96CC-DA6F9BD6581D}.Release|ARM.ActiveCfg = Release|Any CPU
		{726B7BB3-EF1E-448A-96CC-DA6F9BD6581D}.Release|Mixed Platforms.ActiveCfg = Release|Any CPU
		{726B7BB3-EF1E-448A-96CC-DA6F9BD6581D}.Release|Mixed Platforms.Build.0 = Release|Any CPU
		{726B7BB3-EF1E-448A-96CC-DA6F9BD6581D}.Release|x64.ActiveCfg = Release|Any CPU
		{726B7BB3-EF1E-448A-96CC-DA6F9BD6581D}.Release|x86.ActiveCfg = Release|Any CPU
		{DA6E25FA-F9E8-45CC-A894-8326F929DC31}.Debug|Any CPU.ActiveCfg = Debug|Any CPU
		{DA6E25FA-F9E8-45CC-A894-8326F929DC31}.Debug|Any CPU.Build.0 = Debug|Any CPU
		{DA6E25FA-F9E8-45CC-A894-8326F929DC31}.Debug|ARM.ActiveCfg = Debug|Any CPU
		{DA6E25FA-F9E8-45CC-A894-8326F929DC31}.Debug|Mixed Platforms.ActiveCfg = Debug|Any CPU
		{DA6E25FA-F9E8-45CC-A894-8326F929DC31}.Debug|Mixed Platforms.Build.0 = Debug|Any CPU
		{DA6E25FA-F9E8-45CC-A894-8326F929DC31}.Debug|x64.ActiveCfg = Debug|Any CPU
		{DA6E25FA-F9E8-45CC-A894-8326F929DC31}.Debug|x86.ActiveCfg = Debug|Any CPU
		{DA6E25FA-F9E8-45CC-A894-8326F929DC31}.Release|Any CPU.ActiveCfg = Release|Any CPU
		{DA6E25FA-F9E8-45CC-A894-8326F929DC31}.Release|Any CPU.Build.0 = Release|Any CPU
		{DA6E25FA-F9E8-45CC-A894-8326F929DC31}.Release|ARM.ActiveCfg = Release|Any CPU
		{DA6E25FA-F9E8-45CC-A894-8326F929DC31}.Release|Mixed Platforms.ActiveCfg = Release|Any CPU
		{DA6E25FA-F9E8-45CC-A894-8326F929DC31}.Release|Mixed Platforms.Build.0 = Release|Any CPU
		{DA6E25FA-F9E8-45CC-A894-8326F929DC31}.Release|x64.ActiveCfg = Release|Any CPU
		{DA6E25FA-F9E8-45CC-A894-8326F929DC31}.Release|x86.ActiveCfg = Release|Any CPU
		{E9F5F094-938C-4176-8A14-3B33144595E7}.Debug|Any CPU.ActiveCfg = Debug|Any CPU
		{E9F5F094-938C-4176-8A14-3B33144595E7}.Debug|Any CPU.Build.0 = Debug|Any CPU
		{E9F5F094-938C-4176-8A14-3B33144595E7}.Debug|ARM.ActiveCfg = Debug|Any CPU
		{E9F5F094-938C-4176-8A14-3B33144595E7}.Debug|Mixed Platforms.ActiveCfg = Debug|Any CPU
		{E9F5F094-938C-4176-8A14-3B33144595E7}.Debug|Mixed Platforms.Build.0 = Debug|Any CPU
		{E9F5F094-938C-4176-8A14-3B33144595E7}.Debug|x64.ActiveCfg = Debug|Any CPU
		{E9F5F094-938C-4176-8A14-3B33144595E7}.Debug|x86.ActiveCfg = Debug|Any CPU
		{E9F5F094-938C-4176-8A14-3B33144595E7}.Release|Any CPU.ActiveCfg = Release|Any CPU
		{E9F5F094-938C-4176-8A14-3B33144595E7}.Release|Any CPU.Build.0 = Release|Any CPU
		{E9F5F094-938C-4176-8A14-3B33144595E7}.Release|ARM.ActiveCfg = Release|Any CPU
		{E9F5F094-938C-4176-8A14-3B33144595E7}.Release|Mixed Platforms.ActiveCfg = Release|Any CPU
		{E9F5F094-938C-4176-8A14-3B33144595E7}.Release|Mixed Platforms.Build.0 = Release|Any CPU
		{E9F5F094-938C-4176-8A14-3B33144595E7}.Release|x64.ActiveCfg = Release|Any CPU
		{E9F5F094-938C-4176-8A14-3B33144595E7}.Release|x86.ActiveCfg = Release|Any CPU
		{1E87C6F7-4343-4EE4-A9BB-388F80C260DB}.Debug|Any CPU.ActiveCfg = Debug|Any CPU
		{1E87C6F7-4343-4EE4-A9BB-388F80C260DB}.Debug|Any CPU.Build.0 = Debug|Any CPU
		{1E87C6F7-4343-4EE4-A9BB-388F80C260DB}.Debug|ARM.ActiveCfg = Debug|Any CPU
		{1E87C6F7-4343-4EE4-A9BB-388F80C260DB}.Debug|Mixed Platforms.ActiveCfg = Debug|Any CPU
		{1E87C6F7-4343-4EE4-A9BB-388F80C260DB}.Debug|Mixed Platforms.Build.0 = Debug|Any CPU
		{1E87C6F7-4343-4EE4-A9BB-388F80C260DB}.Debug|x64.ActiveCfg = Debug|Any CPU
		{1E87C6F7-4343-4EE4-A9BB-388F80C260DB}.Debug|x86.ActiveCfg = Debug|Any CPU
		{1E87C6F7-4343-4EE4-A9BB-388F80C260DB}.Release|Any CPU.ActiveCfg = Release|Any CPU
		{1E87C6F7-4343-4EE4-A9BB-388F80C260DB}.Release|Any CPU.Build.0 = Release|Any CPU
		{1E87C6F7-4343-4EE4-A9BB-388F80C260DB}.Release|ARM.ActiveCfg = Release|Any CPU
		{1E87C6F7-4343-4EE4-A9BB-388F80C260DB}.Release|Mixed Platforms.ActiveCfg = Release|Any CPU
		{1E87C6F7-4343-4EE4-A9BB-388F80C260DB}.Release|Mixed Platforms.Build.0 = Release|Any CPU
		{1E87C6F7-4343-4EE4-A9BB-388F80C260DB}.Release|x64.ActiveCfg = Release|Any CPU
		{1E87C6F7-4343-4EE4-A9BB-388F80C260DB}.Release|x86.ActiveCfg = Release|Any CPU
		{324C5C88-D521-4EA0-AD5B-9B04EC28E726}.Debug|Any CPU.ActiveCfg = Debug|Any CPU
		{324C5C88-D521-4EA0-AD5B-9B04EC28E726}.Debug|Any CPU.Build.0 = Debug|Any CPU
		{324C5C88-D521-4EA0-AD5B-9B04EC28E726}.Debug|ARM.ActiveCfg = Debug|Any CPU
		{324C5C88-D521-4EA0-AD5B-9B04EC28E726}.Debug|Mixed Platforms.ActiveCfg = Debug|Any CPU
		{324C5C88-D521-4EA0-AD5B-9B04EC28E726}.Debug|Mixed Platforms.Build.0 = Debug|Any CPU
		{324C5C88-D521-4EA0-AD5B-9B04EC28E726}.Debug|x64.ActiveCfg = Debug|Any CPU
		{324C5C88-D521-4EA0-AD5B-9B04EC28E726}.Debug|x86.ActiveCfg = Debug|Any CPU
		{324C5C88-D521-4EA0-AD5B-9B04EC28E726}.Release|Any CPU.ActiveCfg = Release|Any CPU
		{324C5C88-D521-4EA0-AD5B-9B04EC28E726}.Release|Any CPU.Build.0 = Release|Any CPU
		{324C5C88-D521-4EA0-AD5B-9B04EC28E726}.Release|ARM.ActiveCfg = Release|Any CPU
		{324C5C88-D521-4EA0-AD5B-9B04EC28E726}.Release|Mixed Platforms.ActiveCfg = Release|Any CPU
		{324C5C88-D521-4EA0-AD5B-9B04EC28E726}.Release|Mixed Platforms.Build.0 = Release|Any CPU
		{324C5C88-D521-4EA0-AD5B-9B04EC28E726}.Release|x64.ActiveCfg = Release|Any CPU
		{324C5C88-D521-4EA0-AD5B-9B04EC28E726}.Release|x86.ActiveCfg = Release|Any CPU
		{6C3E3BEA-A09F-4D89-A92C-4BDB0A8D7136}.Debug|Any CPU.ActiveCfg = Debug|Any CPU
		{6C3E3BEA-A09F-4D89-A92C-4BDB0A8D7136}.Debug|Any CPU.Build.0 = Debug|Any CPU
		{6C3E3BEA-A09F-4D89-A92C-4BDB0A8D7136}.Debug|ARM.ActiveCfg = Debug|Any CPU
		{6C3E3BEA-A09F-4D89-A92C-4BDB0A8D7136}.Debug|Mixed Platforms.ActiveCfg = Debug|Any CPU
		{6C3E3BEA-A09F-4D89-A92C-4BDB0A8D7136}.Debug|Mixed Platforms.Build.0 = Debug|Any CPU
		{6C3E3BEA-A09F-4D89-A92C-4BDB0A8D7136}.Debug|x64.ActiveCfg = Debug|Any CPU
		{6C3E3BEA-A09F-4D89-A92C-4BDB0A8D7136}.Debug|x86.ActiveCfg = Debug|Any CPU
		{6C3E3BEA-A09F-4D89-A92C-4BDB0A8D7136}.Release|Any CPU.ActiveCfg = Release|Any CPU
		{6C3E3BEA-A09F-4D89-A92C-4BDB0A8D7136}.Release|Any CPU.Build.0 = Release|Any CPU
		{6C3E3BEA-A09F-4D89-A92C-4BDB0A8D7136}.Release|ARM.ActiveCfg = Release|Any CPU
		{6C3E3BEA-A09F-4D89-A92C-4BDB0A8D7136}.Release|Mixed Platforms.ActiveCfg = Release|Any CPU
		{6C3E3BEA-A09F-4D89-A92C-4BDB0A8D7136}.Release|Mixed Platforms.Build.0 = Release|Any CPU
		{6C3E3BEA-A09F-4D89-A92C-4BDB0A8D7136}.Release|x64.ActiveCfg = Release|Any CPU
		{6C3E3BEA-A09F-4D89-A92C-4BDB0A8D7136}.Release|x86.ActiveCfg = Release|Any CPU
		{6168BD6E-5A20-4A26-A334-02565D03686E}.Debug|Any CPU.ActiveCfg = Debug|Any CPU
		{6168BD6E-5A20-4A26-A334-02565D03686E}.Debug|Any CPU.Build.0 = Debug|Any CPU
		{6168BD6E-5A20-4A26-A334-02565D03686E}.Debug|ARM.ActiveCfg = Debug|Any CPU
		{6168BD6E-5A20-4A26-A334-02565D03686E}.Debug|Mixed Platforms.ActiveCfg = Debug|Any CPU
		{6168BD6E-5A20-4A26-A334-02565D03686E}.Debug|Mixed Platforms.Build.0 = Debug|Any CPU
		{6168BD6E-5A20-4A26-A334-02565D03686E}.Debug|x64.ActiveCfg = Debug|Any CPU
		{6168BD6E-5A20-4A26-A334-02565D03686E}.Debug|x86.ActiveCfg = Debug|Any CPU
		{6168BD6E-5A20-4A26-A334-02565D03686E}.Release|Any CPU.ActiveCfg = Release|Any CPU
		{6168BD6E-5A20-4A26-A334-02565D03686E}.Release|Any CPU.Build.0 = Release|Any CPU
		{6168BD6E-5A20-4A26-A334-02565D03686E}.Release|ARM.ActiveCfg = Release|Any CPU
		{6168BD6E-5A20-4A26-A334-02565D03686E}.Release|Mixed Platforms.ActiveCfg = Release|Any CPU
		{6168BD6E-5A20-4A26-A334-02565D03686E}.Release|Mixed Platforms.Build.0 = Release|Any CPU
		{6168BD6E-5A20-4A26-A334-02565D03686E}.Release|x64.ActiveCfg = Release|Any CPU
		{6168BD6E-5A20-4A26-A334-02565D03686E}.Release|x86.ActiveCfg = Release|Any CPU
		{077DBC6D-A89F-4207-A05C-6EC068F1CA45}.Debug|Any CPU.ActiveCfg = Debug|Any CPU
		{077DBC6D-A89F-4207-A05C-6EC068F1CA45}.Debug|Any CPU.Build.0 = Debug|Any CPU
		{077DBC6D-A89F-4207-A05C-6EC068F1CA45}.Debug|ARM.ActiveCfg = Debug|Any CPU
		{077DBC6D-A89F-4207-A05C-6EC068F1CA45}.Debug|Mixed Platforms.ActiveCfg = Debug|Any CPU
		{077DBC6D-A89F-4207-A05C-6EC068F1CA45}.Debug|Mixed Platforms.Build.0 = Debug|Any CPU
		{077DBC6D-A89F-4207-A05C-6EC068F1CA45}.Debug|x64.ActiveCfg = Debug|Any CPU
		{077DBC6D-A89F-4207-A05C-6EC068F1CA45}.Debug|x86.ActiveCfg = Debug|Any CPU
		{077DBC6D-A89F-4207-A05C-6EC068F1CA45}.Release|Any CPU.ActiveCfg = Release|Any CPU
		{077DBC6D-A89F-4207-A05C-6EC068F1CA45}.Release|Any CPU.Build.0 = Release|Any CPU
		{077DBC6D-A89F-4207-A05C-6EC068F1CA45}.Release|ARM.ActiveCfg = Release|Any CPU
		{077DBC6D-A89F-4207-A05C-6EC068F1CA45}.Release|Mixed Platforms.ActiveCfg = Release|Any CPU
		{077DBC6D-A89F-4207-A05C-6EC068F1CA45}.Release|Mixed Platforms.Build.0 = Release|Any CPU
		{077DBC6D-A89F-4207-A05C-6EC068F1CA45}.Release|x64.ActiveCfg = Release|Any CPU
		{077DBC6D-A89F-4207-A05C-6EC068F1CA45}.Release|x86.ActiveCfg = Release|Any CPU
		{691BC848-5513-4B19-AD16-FCE68F7B70FE}.Debug|Any CPU.ActiveCfg = Debug|Any CPU
		{691BC848-5513-4B19-AD16-FCE68F7B70FE}.Debug|Any CPU.Build.0 = Debug|Any CPU
		{691BC848-5513-4B19-AD16-FCE68F7B70FE}.Debug|ARM.ActiveCfg = Debug|Any CPU
		{691BC848-5513-4B19-AD16-FCE68F7B70FE}.Debug|Mixed Platforms.ActiveCfg = Debug|Any CPU
		{691BC848-5513-4B19-AD16-FCE68F7B70FE}.Debug|Mixed Platforms.Build.0 = Debug|Any CPU
		{691BC848-5513-4B19-AD16-FCE68F7B70FE}.Debug|x64.ActiveCfg = Debug|Any CPU
		{691BC848-5513-4B19-AD16-FCE68F7B70FE}.Debug|x86.ActiveCfg = Debug|Any CPU
		{691BC848-5513-4B19-AD16-FCE68F7B70FE}.Release|Any CPU.ActiveCfg = Release|Any CPU
		{691BC848-5513-4B19-AD16-FCE68F7B70FE}.Release|Any CPU.Build.0 = Release|Any CPU
		{691BC848-5513-4B19-AD16-FCE68F7B70FE}.Release|ARM.ActiveCfg = Release|Any CPU
		{691BC848-5513-4B19-AD16-FCE68F7B70FE}.Release|Mixed Platforms.ActiveCfg = Release|Any CPU
		{691BC848-5513-4B19-AD16-FCE68F7B70FE}.Release|Mixed Platforms.Build.0 = Release|Any CPU
		{691BC848-5513-4B19-AD16-FCE68F7B70FE}.Release|x64.ActiveCfg = Release|Any CPU
		{691BC848-5513-4B19-AD16-FCE68F7B70FE}.Release|x86.ActiveCfg = Release|Any CPU
		{BC94B9E3-B452-4BF8-8772-370FE3C30F48}.Debug|Any CPU.ActiveCfg = Debug|Any CPU
		{BC94B9E3-B452-4BF8-8772-370FE3C30F48}.Debug|Any CPU.Build.0 = Debug|Any CPU
		{BC94B9E3-B452-4BF8-8772-370FE3C30F48}.Debug|ARM.ActiveCfg = Debug|Any CPU
		{BC94B9E3-B452-4BF8-8772-370FE3C30F48}.Debug|Mixed Platforms.ActiveCfg = Debug|Any CPU
		{BC94B9E3-B452-4BF8-8772-370FE3C30F48}.Debug|Mixed Platforms.Build.0 = Debug|Any CPU
		{BC94B9E3-B452-4BF8-8772-370FE3C30F48}.Debug|x64.ActiveCfg = Debug|Any CPU
		{BC94B9E3-B452-4BF8-8772-370FE3C30F48}.Debug|x86.ActiveCfg = Debug|Any CPU
		{BC94B9E3-B452-4BF8-8772-370FE3C30F48}.Release|Any CPU.ActiveCfg = Release|Any CPU
		{BC94B9E3-B452-4BF8-8772-370FE3C30F48}.Release|Any CPU.Build.0 = Release|Any CPU
		{BC94B9E3-B452-4BF8-8772-370FE3C30F48}.Release|ARM.ActiveCfg = Release|Any CPU
		{BC94B9E3-B452-4BF8-8772-370FE3C30F48}.Release|Mixed Platforms.ActiveCfg = Release|Any CPU
		{BC94B9E3-B452-4BF8-8772-370FE3C30F48}.Release|Mixed Platforms.Build.0 = Release|Any CPU
		{BC94B9E3-B452-4BF8-8772-370FE3C30F48}.Release|x64.ActiveCfg = Release|Any CPU
		{BC94B9E3-B452-4BF8-8772-370FE3C30F48}.Release|x86.ActiveCfg = Release|Any CPU
		{582F4F06-FF1D-48CB-8007-92F5631CCC94}.Debug|Any CPU.ActiveCfg = Debug|Any CPU
		{582F4F06-FF1D-48CB-8007-92F5631CCC94}.Debug|Any CPU.Build.0 = Debug|Any CPU
		{582F4F06-FF1D-48CB-8007-92F5631CCC94}.Debug|ARM.ActiveCfg = Debug|Any CPU
		{582F4F06-FF1D-48CB-8007-92F5631CCC94}.Debug|Mixed Platforms.ActiveCfg = Debug|Any CPU
		{582F4F06-FF1D-48CB-8007-92F5631CCC94}.Debug|Mixed Platforms.Build.0 = Debug|Any CPU
		{582F4F06-FF1D-48CB-8007-92F5631CCC94}.Debug|x64.ActiveCfg = Debug|Any CPU
		{582F4F06-FF1D-48CB-8007-92F5631CCC94}.Debug|x86.ActiveCfg = Debug|Any CPU
		{582F4F06-FF1D-48CB-8007-92F5631CCC94}.Release|Any CPU.ActiveCfg = Release|Any CPU
		{582F4F06-FF1D-48CB-8007-92F5631CCC94}.Release|Any CPU.Build.0 = Release|Any CPU
		{582F4F06-FF1D-48CB-8007-92F5631CCC94}.Release|ARM.ActiveCfg = Release|Any CPU
		{582F4F06-FF1D-48CB-8007-92F5631CCC94}.Release|Mixed Platforms.ActiveCfg = Release|Any CPU
		{582F4F06-FF1D-48CB-8007-92F5631CCC94}.Release|Mixed Platforms.Build.0 = Release|Any CPU
		{582F4F06-FF1D-48CB-8007-92F5631CCC94}.Release|x64.ActiveCfg = Release|Any CPU
		{582F4F06-FF1D-48CB-8007-92F5631CCC94}.Release|x86.ActiveCfg = Release|Any CPU
		{389B95EE-5072-469F-B20E-E29649823050}.Debug|Any CPU.ActiveCfg = Debug|Any CPU
		{389B95EE-5072-469F-B20E-E29649823050}.Debug|Any CPU.Build.0 = Debug|Any CPU
		{389B95EE-5072-469F-B20E-E29649823050}.Debug|ARM.ActiveCfg = Debug|Any CPU
		{389B95EE-5072-469F-B20E-E29649823050}.Debug|Mixed Platforms.ActiveCfg = Debug|Any CPU
		{389B95EE-5072-469F-B20E-E29649823050}.Debug|Mixed Platforms.Build.0 = Debug|Any CPU
		{389B95EE-5072-469F-B20E-E29649823050}.Debug|x64.ActiveCfg = Debug|Any CPU
		{389B95EE-5072-469F-B20E-E29649823050}.Debug|x86.ActiveCfg = Debug|Any CPU
		{389B95EE-5072-469F-B20E-E29649823050}.Release|Any CPU.ActiveCfg = Release|Any CPU
		{389B95EE-5072-469F-B20E-E29649823050}.Release|Any CPU.Build.0 = Release|Any CPU
		{389B95EE-5072-469F-B20E-E29649823050}.Release|ARM.ActiveCfg = Release|Any CPU
		{389B95EE-5072-469F-B20E-E29649823050}.Release|Mixed Platforms.ActiveCfg = Release|Any CPU
		{389B95EE-5072-469F-B20E-E29649823050}.Release|Mixed Platforms.Build.0 = Release|Any CPU
		{389B95EE-5072-469F-B20E-E29649823050}.Release|x64.ActiveCfg = Release|Any CPU
		{389B95EE-5072-469F-B20E-E29649823050}.Release|x86.ActiveCfg = Release|Any CPU
		{5DEA319C-8C81-47D9-B8F0-8B5EEBD43371}.Debug|Any CPU.ActiveCfg = Debug|Any CPU
		{5DEA319C-8C81-47D9-B8F0-8B5EEBD43371}.Debug|Any CPU.Build.0 = Debug|Any CPU
		{5DEA319C-8C81-47D9-B8F0-8B5EEBD43371}.Debug|ARM.ActiveCfg = Debug|Any CPU
		{5DEA319C-8C81-47D9-B8F0-8B5EEBD43371}.Debug|Mixed Platforms.ActiveCfg = Debug|Any CPU
		{5DEA319C-8C81-47D9-B8F0-8B5EEBD43371}.Debug|Mixed Platforms.Build.0 = Debug|Any CPU
		{5DEA319C-8C81-47D9-B8F0-8B5EEBD43371}.Debug|x64.ActiveCfg = Debug|Any CPU
		{5DEA319C-8C81-47D9-B8F0-8B5EEBD43371}.Debug|x86.ActiveCfg = Debug|Any CPU
		{5DEA319C-8C81-47D9-B8F0-8B5EEBD43371}.Release|Any CPU.ActiveCfg = Release|Any CPU
		{5DEA319C-8C81-47D9-B8F0-8B5EEBD43371}.Release|Any CPU.Build.0 = Release|Any CPU
		{5DEA319C-8C81-47D9-B8F0-8B5EEBD43371}.Release|ARM.ActiveCfg = Release|Any CPU
		{5DEA319C-8C81-47D9-B8F0-8B5EEBD43371}.Release|Mixed Platforms.ActiveCfg = Release|Any CPU
		{5DEA319C-8C81-47D9-B8F0-8B5EEBD43371}.Release|Mixed Platforms.Build.0 = Release|Any CPU
		{5DEA319C-8C81-47D9-B8F0-8B5EEBD43371}.Release|x64.ActiveCfg = Release|Any CPU
		{5DEA319C-8C81-47D9-B8F0-8B5EEBD43371}.Release|x86.ActiveCfg = Release|Any CPU
		{C0F39E47-D52D-4A3A-A6DC-AA25FD39B268}.Debug|Any CPU.ActiveCfg = Debug|Any CPU
		{C0F39E47-D52D-4A3A-A6DC-AA25FD39B268}.Debug|Any CPU.Build.0 = Debug|Any CPU
		{C0F39E47-D52D-4A3A-A6DC-AA25FD39B268}.Debug|ARM.ActiveCfg = Debug|Any CPU
		{C0F39E47-D52D-4A3A-A6DC-AA25FD39B268}.Debug|Mixed Platforms.ActiveCfg = Debug|Any CPU
		{C0F39E47-D52D-4A3A-A6DC-AA25FD39B268}.Debug|Mixed Platforms.Build.0 = Debug|Any CPU
		{C0F39E47-D52D-4A3A-A6DC-AA25FD39B268}.Debug|x64.ActiveCfg = Debug|Any CPU
		{C0F39E47-D52D-4A3A-A6DC-AA25FD39B268}.Debug|x86.ActiveCfg = Debug|Any CPU
		{C0F39E47-D52D-4A3A-A6DC-AA25FD39B268}.Release|Any CPU.ActiveCfg = Release|Any CPU
		{C0F39E47-D52D-4A3A-A6DC-AA25FD39B268}.Release|Any CPU.Build.0 = Release|Any CPU
		{C0F39E47-D52D-4A3A-A6DC-AA25FD39B268}.Release|ARM.ActiveCfg = Release|Any CPU
		{C0F39E47-D52D-4A3A-A6DC-AA25FD39B268}.Release|Mixed Platforms.ActiveCfg = Release|Any CPU
		{C0F39E47-D52D-4A3A-A6DC-AA25FD39B268}.Release|Mixed Platforms.Build.0 = Release|Any CPU
		{C0F39E47-D52D-4A3A-A6DC-AA25FD39B268}.Release|x64.ActiveCfg = Release|Any CPU
		{C0F39E47-D52D-4A3A-A6DC-AA25FD39B268}.Release|x86.ActiveCfg = Release|Any CPU
		{EA4FFFA5-A07C-4777-B575-793E178F60EC}.Debug|Any CPU.ActiveCfg = Debug|Any CPU
		{EA4FFFA5-A07C-4777-B575-793E178F60EC}.Debug|Any CPU.Build.0 = Debug|Any CPU
		{EA4FFFA5-A07C-4777-B575-793E178F60EC}.Debug|ARM.ActiveCfg = Debug|Any CPU
		{EA4FFFA5-A07C-4777-B575-793E178F60EC}.Debug|Mixed Platforms.ActiveCfg = Debug|Any CPU
		{EA4FFFA5-A07C-4777-B575-793E178F60EC}.Debug|Mixed Platforms.Build.0 = Debug|Any CPU
		{EA4FFFA5-A07C-4777-B575-793E178F60EC}.Debug|x64.ActiveCfg = Debug|Any CPU
		{EA4FFFA5-A07C-4777-B575-793E178F60EC}.Debug|x86.ActiveCfg = Debug|Any CPU
		{EA4FFFA5-A07C-4777-B575-793E178F60EC}.Release|Any CPU.ActiveCfg = Release|Any CPU
		{EA4FFFA5-A07C-4777-B575-793E178F60EC}.Release|Any CPU.Build.0 = Release|Any CPU
		{EA4FFFA5-A07C-4777-B575-793E178F60EC}.Release|ARM.ActiveCfg = Release|Any CPU
		{EA4FFFA5-A07C-4777-B575-793E178F60EC}.Release|Mixed Platforms.ActiveCfg = Release|Any CPU
		{EA4FFFA5-A07C-4777-B575-793E178F60EC}.Release|Mixed Platforms.Build.0 = Release|Any CPU
		{EA4FFFA5-A07C-4777-B575-793E178F60EC}.Release|x64.ActiveCfg = Release|Any CPU
		{EA4FFFA5-A07C-4777-B575-793E178F60EC}.Release|x86.ActiveCfg = Release|Any CPU
		{42606DC6-E0DF-4CED-B347-07971F0C25ED}.Debug|Any CPU.ActiveCfg = Debug|Any CPU
		{42606DC6-E0DF-4CED-B347-07971F0C25ED}.Debug|Any CPU.Build.0 = Debug|Any CPU
		{42606DC6-E0DF-4CED-B347-07971F0C25ED}.Debug|ARM.ActiveCfg = Debug|Any CPU
		{42606DC6-E0DF-4CED-B347-07971F0C25ED}.Debug|Mixed Platforms.ActiveCfg = Debug|Any CPU
		{42606DC6-E0DF-4CED-B347-07971F0C25ED}.Debug|Mixed Platforms.Build.0 = Debug|Any CPU
		{42606DC6-E0DF-4CED-B347-07971F0C25ED}.Debug|x64.ActiveCfg = Debug|Any CPU
		{42606DC6-E0DF-4CED-B347-07971F0C25ED}.Debug|x86.ActiveCfg = Debug|Any CPU
		{42606DC6-E0DF-4CED-B347-07971F0C25ED}.Release|Any CPU.ActiveCfg = Release|Any CPU
		{42606DC6-E0DF-4CED-B347-07971F0C25ED}.Release|Any CPU.Build.0 = Release|Any CPU
		{42606DC6-E0DF-4CED-B347-07971F0C25ED}.Release|ARM.ActiveCfg = Release|Any CPU
		{42606DC6-E0DF-4CED-B347-07971F0C25ED}.Release|Mixed Platforms.ActiveCfg = Release|Any CPU
		{42606DC6-E0DF-4CED-B347-07971F0C25ED}.Release|Mixed Platforms.Build.0 = Release|Any CPU
		{42606DC6-E0DF-4CED-B347-07971F0C25ED}.Release|x64.ActiveCfg = Release|Any CPU
		{42606DC6-E0DF-4CED-B347-07971F0C25ED}.Release|x86.ActiveCfg = Release|Any CPU
		{53D27F66-49C4-4C6F-B702-333DBD06EC73}.Debug|Any CPU.ActiveCfg = Debug|Any CPU
		{53D27F66-49C4-4C6F-B702-333DBD06EC73}.Debug|Any CPU.Build.0 = Debug|Any CPU
		{53D27F66-49C4-4C6F-B702-333DBD06EC73}.Debug|ARM.ActiveCfg = Debug|Any CPU
		{53D27F66-49C4-4C6F-B702-333DBD06EC73}.Debug|Mixed Platforms.ActiveCfg = Debug|Any CPU
		{53D27F66-49C4-4C6F-B702-333DBD06EC73}.Debug|Mixed Platforms.Build.0 = Debug|Any CPU
		{53D27F66-49C4-4C6F-B702-333DBD06EC73}.Debug|x64.ActiveCfg = Debug|Any CPU
		{53D27F66-49C4-4C6F-B702-333DBD06EC73}.Debug|x86.ActiveCfg = Debug|Any CPU
		{53D27F66-49C4-4C6F-B702-333DBD06EC73}.Release|Any CPU.ActiveCfg = Release|Any CPU
		{53D27F66-49C4-4C6F-B702-333DBD06EC73}.Release|Any CPU.Build.0 = Release|Any CPU
		{53D27F66-49C4-4C6F-B702-333DBD06EC73}.Release|ARM.ActiveCfg = Release|Any CPU
		{53D27F66-49C4-4C6F-B702-333DBD06EC73}.Release|Mixed Platforms.ActiveCfg = Release|Any CPU
		{53D27F66-49C4-4C6F-B702-333DBD06EC73}.Release|Mixed Platforms.Build.0 = Release|Any CPU
		{53D27F66-49C4-4C6F-B702-333DBD06EC73}.Release|x64.ActiveCfg = Release|Any CPU
		{53D27F66-49C4-4C6F-B702-333DBD06EC73}.Release|x86.ActiveCfg = Release|Any CPU
		{F377B6E6-8E81-49A6-B7B0-F083A8802188}.Debug|Any CPU.ActiveCfg = Debug|Any CPU
		{F377B6E6-8E81-49A6-B7B0-F083A8802188}.Debug|Any CPU.Build.0 = Debug|Any CPU
		{F377B6E6-8E81-49A6-B7B0-F083A8802188}.Debug|ARM.ActiveCfg = Debug|Any CPU
		{F377B6E6-8E81-49A6-B7B0-F083A8802188}.Debug|Mixed Platforms.ActiveCfg = Debug|Any CPU
		{F377B6E6-8E81-49A6-B7B0-F083A8802188}.Debug|Mixed Platforms.Build.0 = Debug|Any CPU
		{F377B6E6-8E81-49A6-B7B0-F083A8802188}.Debug|x64.ActiveCfg = Debug|Any CPU
		{F377B6E6-8E81-49A6-B7B0-F083A8802188}.Debug|x86.ActiveCfg = Debug|Any CPU
		{F377B6E6-8E81-49A6-B7B0-F083A8802188}.Release|Any CPU.ActiveCfg = Release|Any CPU
		{F377B6E6-8E81-49A6-B7B0-F083A8802188}.Release|Any CPU.Build.0 = Release|Any CPU
		{F377B6E6-8E81-49A6-B7B0-F083A8802188}.Release|ARM.ActiveCfg = Release|Any CPU
		{F377B6E6-8E81-49A6-B7B0-F083A8802188}.Release|Mixed Platforms.ActiveCfg = Release|Any CPU
		{F377B6E6-8E81-49A6-B7B0-F083A8802188}.Release|Mixed Platforms.Build.0 = Release|Any CPU
		{F377B6E6-8E81-49A6-B7B0-F083A8802188}.Release|x64.ActiveCfg = Release|Any CPU
		{F377B6E6-8E81-49A6-B7B0-F083A8802188}.Release|x86.ActiveCfg = Release|Any CPU
	EndGlobalSection
	GlobalSection(SolutionProperties) = preSolution
		HideSolutionNode = FALSE
	EndGlobalSection
EndGlobal
