
Microsoft Visual Studio Solution File, Format Version 12.00
# Visual Studio 2013
VisualStudioVersion = 12.0.30723.0
MinimumVisualStudioVersion = 10.0.40219.1
Project("{2150E333-8FDC-42A3-9474-1A3956D46DE8}") = "App1", "App1", "{D35F559D-D4AB-4E1D-92B1-2E72B5952978}"
EndProject
Project("{D954291E-2A0B-460D-934E-DC6B0785DB48}") = "App1.Shared", "App1\App1.Shared\App1.Shared.shproj", "{B6C9A49D-5A48-4806-8B6D-0C4BFA8C5765}"
EndProject
Project("{FAE04EC0-301F-11D3-BF4B-00C04F79EFBC}") = "App1.Windows", "App1\App1.Windows\App1.Windows.csproj", "{08EDEAFF-E7A7-473E-ADF1-170AB47FFD82}"
EndProject
Global
	GlobalSection(SharedMSBuildProjectFiles) = preSolution
		App1\App1.Shared\App1.Shared.projitems*{b6c9a49d-5a48-4806-8b6d-0c4bfa8c5765}*SharedItemsImports = 13
		App1\App1.Shared\App1.Shared.projitems*{08edeaff-e7a7-473e-adf1-170ab47ffd82}*SharedItemsImports = 4
	EndGlobalSection
	GlobalSection(SolutionConfigurationPlatforms) = preSolution
		Debug|Any CPU = Debug|Any CPU
		Debug|ARM = Debug|ARM
		Debug|Mixed Platforms = Debug|Mixed Platforms
		Debug|x64 = Debug|x64
		Debug|x86 = Debug|x86
		Release|Any CPU = Release|Any CPU
		Release|ARM = Release|ARM
		Release|Mixed Platforms = Release|Mixed Platforms
		Release|x64 = Release|x64
		Release|x86 = Release|x86
	EndGlobalSection
	GlobalSection(ProjectConfigurationPlatforms) = postSolution
		{08EDEAFF-E7A7-473E-ADF1-170AB47FFD82}.Debug|Any CPU.ActiveCfg = Debug|Any CPU
		{08EDEAFF-E7A7-473E-ADF1-170AB47FFD82}.Debug|Any CPU.Build.0 = Debug|Any CPU
		{08EDEAFF-E7A7-473E-ADF1-170AB47FFD82}.Debug|Any CPU.Deploy.0 = Debug|Any CPU
		{08EDEAFF-E7A7-473E-ADF1-170AB47FFD82}.Debug|ARM.ActiveCfg = Debug|ARM
		{08EDEAFF-E7A7-473E-ADF1-170AB47FFD82}.Debug|ARM.Build.0 = Debug|ARM
		{08EDEAFF-E7A7-473E-ADF1-170AB47FFD82}.Debug|ARM.Deploy.0 = Debug|ARM
		{08EDEAFF-E7A7-473E-ADF1-170AB47FFD82}.Debug|Mixed Platforms.ActiveCfg = Debug|x86
		{08EDEAFF-E7A7-473E-ADF1-170AB47FFD82}.Debug|Mixed Platforms.Build.0 = Debug|x86
		{08EDEAFF-E7A7-473E-ADF1-170AB47FFD82}.Debug|Mixed Platforms.Deploy.0 = Debug|x86
		{08EDEAFF-E7A7-473E-ADF1-170AB47FFD82}.Debug|x64.ActiveCfg = Debug|x64
		{08EDEAFF-E7A7-473E-ADF1-170AB47FFD82}.Debug|x64.Build.0 = Debug|x64
		{08EDEAFF-E7A7-473E-ADF1-170AB47FFD82}.Debug|x64.Deploy.0 = Debug|x64
		{08EDEAFF-E7A7-473E-ADF1-170AB47FFD82}.Debug|x86.ActiveCfg = Debug|x86
		{08EDEAFF-E7A7-473E-ADF1-170AB47FFD82}.Debug|x86.Build.0 = Debug|x86
		{08EDEAFF-E7A7-473E-ADF1-170AB47FFD82}.Debug|x86.Deploy.0 = Debug|x86
		{08EDEAFF-E7A7-473E-ADF1-170AB47FFD82}.Release|Any CPU.ActiveCfg = Release|Any CPU
		{08EDEAFF-E7A7-473E-ADF1-170AB47FFD82}.Release|Any CPU.Build.0 = Release|Any CPU
		{08EDEAFF-E7A7-473E-ADF1-170AB47FFD82}.Release|Any CPU.Deploy.0 = Release|Any CPU
		{08EDEAFF-E7A7-473E-ADF1-170AB47FFD82}.Release|ARM.ActiveCfg = Release|ARM
		{08EDEAFF-E7A7-473E-ADF1-170AB47FFD82}.Release|ARM.Build.0 = Release|ARM
		{08EDEAFF-E7A7-473E-ADF1-170AB47FFD82}.Release|ARM.Deploy.0 = Release|ARM
		{08EDEAFF-E7A7-473E-ADF1-170AB47FFD82}.Release|Mixed Platforms.ActiveCfg = Release|x86
		{08EDEAFF-E7A7-473E-ADF1-170AB47FFD82}.Release|Mixed Platforms.Build.0 = Release|x86
		{08EDEAFF-E7A7-473E-ADF1-170AB47FFD82}.Release|Mixed Platforms.Deploy.0 = Release|x86
		{08EDEAFF-E7A7-473E-ADF1-170AB47FFD82}.Release|x64.ActiveCfg = Release|x64
		{08EDEAFF-E7A7-473E-ADF1-170AB47FFD82}.Release|x64.Build.0 = Release|x64
		{08EDEAFF-E7A7-473E-ADF1-170AB47FFD82}.Release|x64.Deploy.0 = Release|x64
		{08EDEAFF-E7A7-473E-ADF1-170AB47FFD82}.Release|x86.ActiveCfg = Release|x86
		{08EDEAFF-E7A7-473E-ADF1-170AB47FFD82}.Release|x86.Build.0 = Release|x86
		{08EDEAFF-E7A7-473E-ADF1-170AB47FFD82}.Release|x86.Deploy.0 = Release|x86
	EndGlobalSection
	GlobalSection(SolutionProperties) = preSolution
		HideSolutionNode = FALSE
	EndGlobalSection
	GlobalSection(NestedProjects) = preSolution
		{B6C9A49D-5A48-4806-8B6D-0C4BFA8C5765} = {D35F559D-D4AB-4E1D-92B1-2E72B5952978}
		{08EDEAFF-E7A7-473E-ADF1-170AB47FFD82} = {D35F559D-D4AB-4E1D-92B1-2E72B5952978}
	EndGlobalSection
EndGlobal
